
Microsoft Visual Studio Solution File, Format Version 12.00
# Visual Studio Version 16
VisualStudioVersion = 16.0.29209.62
MinimumVisualStudioVersion = 10.0.40219.1
Project("{FAE04EC0-301F-11D3-BF4B-00C04F79EFBC}") = "programmering2", "programmering2\programmering2.csproj", "{437D00C7-C466-4CEB-8604-03E63B6E378F}"
EndProject
Project("{FAE04EC0-301F-11D3-BF4B-00C04F79EFBC}") = "uppgift2", "uppgift2\uppgift2.csproj", "{F45BEFE3-5C25-44EB-9223-BFC09BDE5A32}"
EndProject
Global
	GlobalSection(SolutionConfigurationPlatforms) = preSolution
		Debug|Any CPU = Debug|Any CPU
		Release|Any CPU = Release|Any CPU
	EndGlobalSection
	GlobalSection(ProjectConfigurationPlatforms) = postSolution
		{437D00C7-C466-4CEB-8604-03E63B6E378F}.Debug|Any CPU.ActiveCfg = Debug|Any CPU
		{437D00C7-C466-4CEB-8604-03E63B6E378F}.Debug|Any CPU.Build.0 = Debug|Any CPU
		{437D00C7-C466-4CEB-8604-03E63B6E378F}.Release|Any CPU.ActiveCfg = Release|Any CPU
		{437D00C7-C466-4CEB-8604-03E63B6E378F}.Release|Any CPU.Build.0 = Release|Any CPU
		{F45BEFE3-5C25-44EB-9223-BFC09BDE5A32}.Debug|Any CPU.ActiveCfg = Debug|Any CPU
		{F45BEFE3-5C25-44EB-9223-BFC09BDE5A32}.Debug|Any CPU.Build.0 = Debug|Any CPU
		{F45BEFE3-5C25-44EB-9223-BFC09BDE5A32}.Release|Any CPU.ActiveCfg = Release|Any CPU
		{F45BEFE3-5C25-44EB-9223-BFC09BDE5A32}.Release|Any CPU.Build.0 = Release|Any CPU
	EndGlobalSection
	GlobalSection(SolutionProperties) = preSolution
		HideSolutionNode = FALSE
	EndGlobalSection
	GlobalSection(ExtensibilityGlobals) = postSolution
		SolutionGuid = {15CD1A92-B072-4538-A8D4-957D426A5905}
	EndGlobalSection
EndGlobal
